
Microsoft Visual Studio Solution File, Format Version 12.00
# Visual Studio Version 17
VisualStudioVersion = 17.10.35004.147
MinimumVisualStudioVersion = 10.0.40219.1
Project("{8BC9CEB8-8B4A-11D0-8D11-00A0C91BC942}") = "Nouveau dessin", "Nouveau dessin.vcxproj", "{EBADBD84-8E35-4737-B2AD-FD8B8477A339}"
EndProject
Global
	GlobalSection(SolutionConfigurationPlatforms) = preSolution
		Debug|x64 = Debug|x64
		Debug|x86 = Debug|x86
		Release|x64 = Release|x64
		Release|x86 = Release|x86
	EndGlobalSection
	GlobalSection(ProjectConfigurationPlatforms) = postSolution
		{EBADBD84-8E35-4737-B2AD-FD8B8477A339}.Debug|x64.ActiveCfg = Debug|x64
		{EBADBD84-8E35-4737-B2AD-FD8B8477A339}.Debug|x64.Build.0 = Debug|x64
		{EBADBD84-8E35-4737-B2AD-FD8B8477A339}.Debug|x86.ActiveCfg = Debug|Win32
		{EBADBD84-8E35-4737-B2AD-FD8B8477A339}.Debug|x86.Build.0 = Debug|Win32
		{EBADBD84-8E35-4737-B2AD-FD8B8477A339}.Release|x64.ActiveCfg = Release|x64
		{EBADBD84-8E35-4737-B2AD-FD8B8477A339}.Release|x64.Build.0 = Release|x64
		{EBADBD84-8E35-4737-B2AD-FD8B8477A339}.Release|x86.ActiveCfg = Release|Win32
		{EBADBD84-8E35-4737-B2AD-FD8B8477A339}.Release|x86.Build.0 = Release|Win32
	EndGlobalSection
	GlobalSection(SolutionProperties) = preSolution
		HideSolutionNode = FALSE
	EndGlobalSection
	GlobalSection(ExtensibilityGlobals) = postSolution
		SolutionGuid = {BEFD0ED1-9AC5-454A-B7DD-20C680DDCBE2}
	EndGlobalSection
EndGlobal
